// !$*UTF8*$!
{
	archiveVersion = 1;
	classes = {
	};
	objectVersion = 55;
	objects = {

/* Begin PBXBuildFile section */
		9F4107DD280489D200C5C95C /* AppDelegate.swift in Sources */ = {isa = PBXBuildFile; fileRef = 9F4107DC280489D200C5C95C /* AppDelegate.swift */; };
		9F4107DF280489D200C5C95C /* SceneDelegate.swift in Sources */ = {isa = PBXBuildFile; fileRef = 9F4107DE280489D200C5C95C /* SceneDelegate.swift */; };
		9F4107E6280489D300C5C95C /* Assets.xcassets in Resources */ = {isa = PBXBuildFile; fileRef = 9F4107E5280489D300C5C95C /* Assets.xcassets */; };
		9F4107E9280489D300C5C95C /* LaunchScreen.storyboard in Resources */ = {isa = PBXBuildFile; fileRef = 9F4107E7280489D300C5C95C /* LaunchScreen.storyboard */; };
		9F4107F428048A4D00C5C95C /* PagesVC.swift in Sources */ = {isa = PBXBuildFile; fileRef = 9F4107F328048A4D00C5C95C /* PagesVC.swift */; };
		9F4107F628048A7200C5C95C /* Falcon1VC.swift in Sources */ = {isa = PBXBuildFile; fileRef = 9F4107F528048A7200C5C95C /* Falcon1VC.swift */; };
		9F4107F828048AAF00C5C95C /* Falcon9VC.swift in Sources */ = {isa = PBXBuildFile; fileRef = 9F4107F728048AAF00C5C95C /* Falcon9VC.swift */; };
		9F4107FA28048AD800C5C95C /* FalconHeavyVC.swift in Sources */ = {isa = PBXBuildFile; fileRef = 9F4107F928048AD800C5C95C /* FalconHeavyVC.swift */; };
		9F4107FC28048AF500C5C95C /* Starship.swift in Sources */ = {isa = PBXBuildFile; fileRef = 9F4107FB28048AF500C5C95C /* Starship.swift */; };
		9F47385E2805C40700C8862F /* ViewForVC.swift in Sources */ = {isa = PBXBuildFile; fileRef = 9F47385D2805C40700C8862F /* ViewForVC.swift */; };
		9F4738602805C45F00C8862F /* Model.swift in Sources */ = {isa = PBXBuildFile; fileRef = 9F47385F2805C45F00C8862F /* Model.swift */; };
		9F4738622805C48F00C8862F /* String + extension.swift in Sources */ = {isa = PBXBuildFile; fileRef = 9F4738612805C48F00C8862F /* String + extension.swift */; };
		9F4738652805C4F300C8862F /* HorizontalBlockCell.swift in Sources */ = {isa = PBXBuildFile; fileRef = 9F4738642805C4F300C8862F /* HorizontalBlockCell.swift */; };
		9F4738672805C52B00C8862F /* HorizontalBlockCVCell.swift in Sources */ = {isa = PBXBuildFile; fileRef = 9F4738662805C52B00C8862F /* HorizontalBlockCVCell.swift */; };
		9F4738692805C68200C8862F /* TableViewCell.swift in Sources */ = {isa = PBXBuildFile; fileRef = 9F4738682805C68200C8862F /* TableViewCell.swift */; };
		9F47386B2805C6B500C8862F /* TableViewCellForStage.swift in Sources */ = {isa = PBXBuildFile; fileRef = 9F47386A2805C6B500C8862F /* TableViewCellForStage.swift */; };
		9F47386D2805C6CF00C8862F /* TableViewCellButton.swift in Sources */ = {isa = PBXBuildFile; fileRef = 9F47386C2805C6CF00C8862F /* TableViewCellButton.swift */; };
		9F47386F2805C70F00C8862F /* SettingVC.swift in Sources */ = {isa = PBXBuildFile; fileRef = 9F47386E2805C70F00C8862F /* SettingVC.swift */; };
		9F4738712805C72D00C8862F /* RocketLaunchesVC.swift in Sources */ = {isa = PBXBuildFile; fileRef = 9F4738702805C72D00C8862F /* RocketLaunchesVC.swift */; };
		9F4738732805C75C00C8862F /* RocketLaunchCell.swift in Sources */ = {isa = PBXBuildFile; fileRef = 9F4738722805C75C00C8862F /* RocketLaunchCell.swift */; };
		9F4738792808459900C8862F /* NetworkService.swift in Sources */ = {isa = PBXBuildFile; fileRef = 9F4738782808459900C8862F /* NetworkService.swift */; };
		9F47387B280845BB00C8862F /* NetworkServiceForRocketLaunch.swift in Sources */ = {isa = PBXBuildFile; fileRef = 9F47387A280845BB00C8862F /* NetworkServiceForRocketLaunch.swift */; };
		9F47387D280845DC00C8862F /* ModelLaunch.swift in Sources */ = {isa = PBXBuildFile; fileRef = 9F47387C280845DC00C8862F /* ModelLaunch.swift */; };
/* End PBXBuildFile section */

/* Begin PBXFileReference section */
		9F4107D9280489D200C5C95C /* SpaceX.app */ = {isa = PBXFileReference; explicitFileType = wrapper.application; includeInIndex = 0; path = SpaceX.app; sourceTree = BUILT_PRODUCTS_DIR; };
		9F4107DC280489D200C5C95C /* AppDelegate.swift */ = {isa = PBXFileReference; lastKnownFileType = sourcecode.swift; path = AppDelegate.swift; sourceTree = "<group>"; };
		9F4107DE280489D200C5C95C /* SceneDelegate.swift */ = {isa = PBXFileReference; lastKnownFileType = sourcecode.swift; path = SceneDelegate.swift; sourceTree = "<group>"; };
		9F4107E5280489D300C5C95C /* Assets.xcassets */ = {isa = PBXFileReference; lastKnownFileType = folder.assetcatalog; path = Assets.xcassets; sourceTree = "<group>"; };
		9F4107E8280489D300C5C95C /* Base */ = {isa = PBXFileReference; lastKnownFileType = file.storyboard; name = Base; path = Base.lproj/LaunchScreen.storyboard; sourceTree = "<group>"; };
		9F4107EA280489D300C5C95C /* Info.plist */ = {isa = PBXFileReference; lastKnownFileType = text.plist.xml; path = Info.plist; sourceTree = "<group>"; };
		9F4107F328048A4D00C5C95C /* PagesVC.swift */ = {isa = PBXFileReference; lastKnownFileType = sourcecode.swift; path = PagesVC.swift; sourceTree = "<group>"; };
		9F4107F528048A7200C5C95C /* Falcon1VC.swift */ = {isa = PBXFileReference; lastKnownFileType = sourcecode.swift; path = Falcon1VC.swift; sourceTree = "<group>"; };
		9F4107F728048AAF00C5C95C /* Falcon9VC.swift */ = {isa = PBXFileReference; lastKnownFileType = sourcecode.swift; path = Falcon9VC.swift; sourceTree = "<group>"; };
		9F4107F928048AD800C5C95C /* FalconHeavyVC.swift */ = {isa = PBXFileReference; lastKnownFileType = sourcecode.swift; path = FalconHeavyVC.swift; sourceTree = "<group>"; };
		9F4107FB28048AF500C5C95C /* Starship.swift */ = {isa = PBXFileReference; lastKnownFileType = sourcecode.swift; path = Starship.swift; sourceTree = "<group>"; };
		9F47385D2805C40700C8862F /* ViewForVC.swift */ = {isa = PBXFileReference; lastKnownFileType = sourcecode.swift; path = ViewForVC.swift; sourceTree = "<group>"; };
		9F47385F2805C45F00C8862F /* Model.swift */ = {isa = PBXFileReference; lastKnownFileType = sourcecode.swift; path = Model.swift; sourceTree = "<group>"; };
		9F4738612805C48F00C8862F /* String + extension.swift */ = {isa = PBXFileReference; lastKnownFileType = sourcecode.swift; path = "String + extension.swift"; sourceTree = "<group>"; };
		9F4738642805C4F300C8862F /* HorizontalBlockCell.swift */ = {isa = PBXFileReference; lastKnownFileType = sourcecode.swift; path = HorizontalBlockCell.swift; sourceTree = "<group>"; };
		9F4738662805C52B00C8862F /* HorizontalBlockCVCell.swift */ = {isa = PBXFileReference; lastKnownFileType = sourcecode.swift; path = HorizontalBlockCVCell.swift; sourceTree = "<group>"; };
		9F4738682805C68200C8862F /* TableViewCell.swift */ = {isa = PBXFileReference; lastKnownFileType = sourcecode.swift; path = TableViewCell.swift; sourceTree = "<group>"; };
		9F47386A2805C6B500C8862F /* TableViewCellForStage.swift */ = {isa = PBXFileReference; lastKnownFileType = sourcecode.swift; path = TableViewCellForStage.swift; sourceTree = "<group>"; };
		9F47386C2805C6CF00C8862F /* TableViewCellButton.swift */ = {isa = PBXFileReference; lastKnownFileType = sourcecode.swift; path = TableViewCellButton.swift; sourceTree = "<group>"; };
		9F47386E2805C70F00C8862F /* SettingVC.swift */ = {isa = PBXFileReference; lastKnownFileType = sourcecode.swift; path = SettingVC.swift; sourceTree = "<group>"; };
		9F4738702805C72D00C8862F /* RocketLaunchesVC.swift */ = {isa = PBXFileReference; lastKnownFileType = sourcecode.swift; path = RocketLaunchesVC.swift; sourceTree = "<group>"; };
		9F4738722805C75C00C8862F /* RocketLaunchCell.swift */ = {isa = PBXFileReference; lastKnownFileType = sourcecode.swift; path = RocketLaunchCell.swift; sourceTree = "<group>"; };
		9F4738782808459900C8862F /* NetworkService.swift */ = {isa = PBXFileReference; lastKnownFileType = sourcecode.swift; path = NetworkService.swift; sourceTree = "<group>"; };
		9F47387A280845BB00C8862F /* NetworkServiceForRocketLaunch.swift */ = {isa = PBXFileReference; lastKnownFileType = sourcecode.swift; path = NetworkServiceForRocketLaunch.swift; sourceTree = "<group>"; };
		9F47387C280845DC00C8862F /* ModelLaunch.swift */ = {isa = PBXFileReference; lastKnownFileType = sourcecode.swift; path = ModelLaunch.swift; sourceTree = "<group>"; };
/* End PBXFileReference section */

/* Begin PBXFrameworksBuildPhase section */
		9F4107D6280489D200C5C95C /* Frameworks */ = {
			isa = PBXFrameworksBuildPhase;
			buildActionMask = 2147483647;
			files = (
			);
			runOnlyForDeploymentPostprocessing = 0;
		};
/* End PBXFrameworksBuildPhase section */

/* Begin PBXGroup section */
		9F4107D0280489D200C5C95C = {
			isa = PBXGroup;
			children = (
				9F4107DB280489D200C5C95C /* SpaceX */,
				9F4107DA280489D200C5C95C /* Products */,
			);
			sourceTree = "<group>";
		};
		9F4107DA280489D200C5C95C /* Products */ = {
			isa = PBXGroup;
			children = (
				9F4107D9280489D200C5C95C /* SpaceX.app */,
			);
			name = Products;
			sourceTree = "<group>";
		};
		9F4107DB280489D200C5C95C /* SpaceX */ = {
			isa = PBXGroup;
			children = (
				9F4107DC280489D200C5C95C /* AppDelegate.swift */,
				9F4107DE280489D200C5C95C /* SceneDelegate.swift */,
				9F4107F228048A0F00C5C95C /* Pages */,
				9F4107FD28048B1300C5C95C /* ViewForVC */,
				9F41080028048B4500C5C95C /* SettingVC */,
				9F41080128048B5200C5C95C /* RocketLauncges */,
				9F41080228048B6700C5C95C /* Model */,
				9F4107EA280489D300C5C95C /* Info.plist */,
				9F4107E5280489D300C5C95C /* Assets.xcassets */,
				9F4107E7280489D300C5C95C /* LaunchScreen.storyboard */,
			);
			path = SpaceX;
			sourceTree = "<group>";
		};
		9F4107F228048A0F00C5C95C /* Pages */ = {
			isa = PBXGroup;
			children = (
				9F4107F328048A4D00C5C95C /* PagesVC.swift */,
				9F4107F528048A7200C5C95C /* Falcon1VC.swift */,
				9F4107F728048AAF00C5C95C /* Falcon9VC.swift */,
				9F4107F928048AD800C5C95C /* FalconHeavyVC.swift */,
				9F4107FB28048AF500C5C95C /* Starship.swift */,
			);
			path = Pages;
			sourceTree = "<group>";
		};
		9F4107FD28048B1300C5C95C /* ViewForVC */ = {
			isa = PBXGroup;
			children = (
				9F47385D2805C40700C8862F /* ViewForVC.swift */,
				9F4738762808453600C8862F /* Cells */,
			);
			path = ViewForVC;
			sourceTree = "<group>";
		};
		9F41080028048B4500C5C95C /* SettingVC */ = {
			isa = PBXGroup;
			children = (
				9F47386E2805C70F00C8862F /* SettingVC.swift */,
			);
			path = SettingVC;
			sourceTree = "<group>";
		};
		9F41080128048B5200C5C95C /* RocketLauncges */ = {
			isa = PBXGroup;
			children = (
				9F4738702805C72D00C8862F /* RocketLaunchesVC.swift */,
				9F4738722805C75C00C8862F /* RocketLaunchCell.swift */,
			);
			path = RocketLauncges;
			sourceTree = "<group>";
		};
		9F41080228048B6700C5C95C /* Model */ = {
			isa = PBXGroup;
			children = (
				9F47385F2805C45F00C8862F /* Model.swift */,
				9F47387C280845DC00C8862F /* ModelLaunch.swift */,
				9F4738612805C48F00C8862F /* String + extension.swift */,
				9F4738772808456C00C8862F /* Network */,
			);
			path = Model;
			sourceTree = "<group>";
		};
		9F4738762808453600C8862F /* Cells */ = {
			isa = PBXGroup;
			children = (
				9F4738682805C68200C8862F /* TableViewCell.swift */,
				9F4738642805C4F300C8862F /* HorizontalBlockCell.swift */,
				9F4738662805C52B00C8862F /* HorizontalBlockCVCell.swift */,
				9F47386A2805C6B500C8862F /* TableViewCellForStage.swift */,
				9F47386C2805C6CF00C8862F /* TableViewCellButton.swift */,
			);
			path = Cells;
			sourceTree = "<group>";
		};
		9F4738772808456C00C8862F /* Network */ = {
			isa = PBXGroup;
			children = (
				9F4738782808459900C8862F /* NetworkService.swift */,
				9F47387A280845BB00C8862F /* NetworkServiceForRocketLaunch.swift */,
			);
			path = Network;
			sourceTree = "<group>";
		};
/* End PBXGroup section */

/* Begin PBXNativeTarget section */
		9F4107D8280489D200C5C95C /* SpaceX */ = {
			isa = PBXNativeTarget;
			buildConfigurationList = 9F4107ED280489D300C5C95C /* Build configuration list for PBXNativeTarget "SpaceX" */;
			buildPhases = (
				9F4107D5280489D200C5C95C /* Sources */,
				9F4107D6280489D200C5C95C /* Frameworks */,
				9F4107D7280489D200C5C95C /* Resources */,
			);
			buildRules = (
			);
			dependencies = (
			);
			name = SpaceX;
			productName = SpaceX;
			productReference = 9F4107D9280489D200C5C95C /* SpaceX.app */;
			productType = "com.apple.product-type.application";
		};
/* End PBXNativeTarget section */

/* Begin PBXProject section */
		9F4107D1280489D200C5C95C /* Project object */ = {
			isa = PBXProject;
			attributes = {
				BuildIndependentTargetsInParallel = 1;
				LastSwiftUpdateCheck = 1320;
				LastUpgradeCheck = 1320;
				TargetAttributes = {
					9F4107D8280489D200C5C95C = {
						CreatedOnToolsVersion = 13.2.1;
					};
				};
			};
			buildConfigurationList = 9F4107D4280489D200C5C95C /* Build configuration list for PBXProject "SpaceX" */;
			compatibilityVersion = "Xcode 13.0";
			developmentRegion = en;
			hasScannedForEncodings = 0;
			knownRegions = (
				en,
				Base,
			);
			mainGroup = 9F4107D0280489D200C5C95C;
			productRefGroup = 9F4107DA280489D200C5C95C /* Products */;
			projectDirPath = "";
			projectRoot = "";
			targets = (
				9F4107D8280489D200C5C95C /* SpaceX */,
			);
		};
/* End PBXProject section */

/* Begin PBXResourcesBuildPhase section */
		9F4107D7280489D200C5C95C /* Resources */ = {
			isa = PBXResourcesBuildPhase;
			buildActionMask = 2147483647;
			files = (
				9F4107E9280489D300C5C95C /* LaunchScreen.storyboard in Resources */,
				9F4107E6280489D300C5C95C /* Assets.xcassets in Resources */,
			);
			runOnlyForDeploymentPostprocessing = 0;
		};
/* End PBXResourcesBuildPhase section */

/* Begin PBXSourcesBuildPhase section */
		9F4107D5280489D200C5C95C /* Sources */ = {
			isa = PBXSourcesBuildPhase;
			buildActionMask = 2147483647;
			files = (
				9F4738692805C68200C8862F /* TableViewCell.swift in Sources */,
				9F47386F2805C70F00C8862F /* SettingVC.swift in Sources */,
				9F4738602805C45F00C8862F /* Model.swift in Sources */,
				9F4738652805C4F300C8862F /* HorizontalBlockCell.swift in Sources */,
				9F4107DD280489D200C5C95C /* AppDelegate.swift in Sources */,
				9F4107FC28048AF500C5C95C /* Starship.swift in Sources */,
				9F4738672805C52B00C8862F /* HorizontalBlockCVCell.swift in Sources */,
				9F4107F828048AAF00C5C95C /* Falcon9VC.swift in Sources */,
				9F4107DF280489D200C5C95C /* SceneDelegate.swift in Sources */,
				9F4107FA28048AD800C5C95C /* FalconHeavyVC.swift in Sources */,
				9F4738712805C72D00C8862F /* RocketLaunchesVC.swift in Sources */,
				9F47386D2805C6CF00C8862F /* TableViewCellButton.swift in Sources */,
				9F47385E2805C40700C8862F /* ViewForVC.swift in Sources */,
				9F4107F428048A4D00C5C95C /* PagesVC.swift in Sources */,
				9F4738732805C75C00C8862F /* RocketLaunchCell.swift in Sources */,
				9F4738792808459900C8862F /* NetworkService.swift in Sources */,
				9F4738622805C48F00C8862F /* String + extension.swift in Sources */,
				9F47386B2805C6B500C8862F /* TableViewCellForStage.swift in Sources */,
				9F4107F628048A7200C5C95C /* Falcon1VC.swift in Sources */,
				9F47387D280845DC00C8862F /* ModelLaunch.swift in Sources */,
				9F47387B280845BB00C8862F /* NetworkServiceForRocketLaunch.swift in Sources */,
			);
			runOnlyForDeploymentPostprocessing = 0;
		};
/* End PBXSourcesBuildPhase section */

/* Begin PBXVariantGroup section */
		9F4107E7280489D300C5C95C /* LaunchScreen.storyboard */ = {
			isa = PBXVariantGroup;
			children = (
				9F4107E8280489D300C5C95C /* Base */,
			);
			name = LaunchScreen.storyboard;
			sourceTree = "<group>";
		};
/* End PBXVariantGroup section */

/* Begin XCBuildConfiguration section */
		9F4107EB280489D300C5C95C /* Debug */ = {
			isa = XCBuildConfiguration;
			buildSettings = {
				ALWAYS_SEARCH_USER_PATHS = NO;
				CLANG_ANALYZER_NONNULL = YES;
				CLANG_ANALYZER_NUMBER_OBJECT_CONVERSION = YES_AGGRESSIVE;
				CLANG_CXX_LANGUAGE_STANDARD = "gnu++17";
				CLANG_CXX_LIBRARY = "libc++";
				CLANG_ENABLE_MODULES = YES;
				CLANG_ENABLE_OBJC_ARC = YES;
				CLANG_ENABLE_OBJC_WEAK = YES;
				CLANG_WARN_BLOCK_CAPTURE_AUTORELEASING = YES;
				CLANG_WARN_BOOL_CONVERSION = YES;
				CLANG_WARN_COMMA = YES;
				CLANG_WARN_CONSTANT_CONVERSION = YES;
				CLANG_WARN_DEPRECATED_OBJC_IMPLEMENTATIONS = YES;
				CLANG_WARN_DIRECT_OBJC_ISA_USAGE = YES_ERROR;
				CLANG_WARN_DOCUMENTATION_COMMENTS = YES;
				CLANG_WARN_EMPTY_BODY = YES;
				CLANG_WARN_ENUM_CONVERSION = YES;
				CLANG_WARN_INFINITE_RECURSION = YES;
				CLANG_WARN_INT_CONVERSION = YES;
				CLANG_WARN_NON_LITERAL_NULL_CONVERSION = YES;
				CLANG_WARN_OBJC_IMPLICIT_RETAIN_SELF = YES;
				CLANG_WARN_OBJC_LITERAL_CONVERSION = YES;
				CLANG_WARN_OBJC_ROOT_CLASS = YES_ERROR;
				CLANG_WARN_QUOTED_INCLUDE_IN_FRAMEWORK_HEADER = YES;
				CLANG_WARN_RANGE_LOOP_ANALYSIS = YES;
				CLANG_WARN_STRICT_PROTOTYPES = YES;
				CLANG_WARN_SUSPICIOUS_MOVE = YES;
				CLANG_WARN_UNGUARDED_AVAILABILITY = YES_AGGRESSIVE;
				CLANG_WARN_UNREACHABLE_CODE = YES;
				CLANG_WARN__DUPLICATE_METHOD_MATCH = YES;
				COPY_PHASE_STRIP = NO;
				DEBUG_INFORMATION_FORMAT = dwarf;
				ENABLE_STRICT_OBJC_MSGSEND = YES;
				ENABLE_TESTABILITY = YES;
				GCC_C_LANGUAGE_STANDARD = gnu11;
				GCC_DYNAMIC_NO_PIC = NO;
				GCC_NO_COMMON_BLOCKS = YES;
				GCC_OPTIMIZATION_LEVEL = 0;
				GCC_PREPROCESSOR_DEFINITIONS = (
					"DEBUG=1",
					"$(inherited)",
				);
				GCC_WARN_64_TO_32_BIT_CONVERSION = YES;
				GCC_WARN_ABOUT_RETURN_TYPE = YES_ERROR;
				GCC_WARN_UNDECLARED_SELECTOR = YES;
				GCC_WARN_UNINITIALIZED_AUTOS = YES_AGGRESSIVE;
				GCC_WARN_UNUSED_FUNCTION = YES;
				GCC_WARN_UNUSED_VARIABLE = YES;
				IPHONEOS_DEPLOYMENT_TARGET = 15.2;
				MTL_ENABLE_DEBUG_INFO = INCLUDE_SOURCE;
				MTL_FAST_MATH = YES;
				ONLY_ACTIVE_ARCH = YES;
				SDKROOT = iphoneos;
				SWIFT_ACTIVE_COMPILATION_CONDITIONS = DEBUG;
				SWIFT_OPTIMIZATION_LEVEL = "-Onone";
			};
			name = Debug;
		};
		9F4107EC280489D300C5C95C /* Release */ = {
			isa = XCBuildConfiguration;
			buildSettings = {
				ALWAYS_SEARCH_USER_PATHS = NO;
				CLANG_ANALYZER_NONNULL = YES;
				CLANG_ANALYZER_NUMBER_OBJECT_CONVERSION = YES_AGGRESSIVE;
				CLANG_CXX_LANGUAGE_STANDARD = "gnu++17";
				CLANG_CXX_LIBRARY = "libc++";
				CLANG_ENABLE_MODULES = YES;
				CLANG_ENABLE_OBJC_ARC = YES;
				CLANG_ENABLE_OBJC_WEAK = YES;
				CLANG_WARN_BLOCK_CAPTURE_AUTORELEASING = YES;
				CLANG_WARN_BOOL_CONVERSION = YES;
				CLANG_WARN_COMMA = YES;
				CLANG_WARN_CONSTANT_CONVERSION = YES;
				CLANG_WARN_DEPRECATED_OBJC_IMPLEMENTATIONS = YES;
				CLANG_WARN_DIRECT_OBJC_ISA_USAGE = YES_ERROR;
				CLANG_WARN_DOCUMENTATION_COMMENTS = YES;
				CLANG_WARN_EMPTY_BODY = YES;
				CLANG_WARN_ENUM_CONVERSION = YES;
				CLANG_WARN_INFINITE_RECURSION = YES;
				CLANG_WARN_INT_CONVERSION = YES;
				CLANG_WARN_NON_LITERAL_NULL_CONVERSION = YES;
				CLANG_WARN_OBJC_IMPLICIT_RETAIN_SELF = YES;
				CLANG_WARN_OBJC_LITERAL_CONVERSION = YES;
				CLANG_WARN_OBJC_ROOT_CLASS = YES_ERROR;
				CLANG_WARN_QUOTED_INCLUDE_IN_FRAMEWORK_HEADER = YES;
				CLANG_WARN_RANGE_LOOP_ANALYSIS = YES;
				CLANG_WARN_STRICT_PROTOTYPES = YES;
				CLANG_WARN_SUSPICIOUS_MOVE = YES;
				CLANG_WARN_UNGUARDED_AVAILABILITY = YES_AGGRESSIVE;
				CLANG_WARN_UNREACHABLE_CODE = YES;
				CLANG_WARN__DUPLICATE_METHOD_MATCH = YES;
				COPY_PHASE_STRIP = NO;
				DEBUG_INFORMATION_FORMAT = "dwarf-with-dsym";
				ENABLE_NS_ASSERTIONS = NO;
				ENABLE_STRICT_OBJC_MSGSEND = YES;
				GCC_C_LANGUAGE_STANDARD = gnu11;
				GCC_NO_COMMON_BLOCKS = YES;
				GCC_WARN_64_TO_32_BIT_CONVERSION = YES;
				GCC_WARN_ABOUT_RETURN_TYPE = YES_ERROR;
				GCC_WARN_UNDECLARED_SELECTOR = YES;
				GCC_WARN_UNINITIALIZED_AUTOS = YES_AGGRESSIVE;
				GCC_WARN_UNUSED_FUNCTION = YES;
				GCC_WARN_UNUSED_VARIABLE = YES;
				IPHONEOS_DEPLOYMENT_TARGET = 15.2;
				MTL_ENABLE_DEBUG_INFO = NO;
				MTL_FAST_MATH = YES;
				SDKROOT = iphoneos;
				SWIFT_COMPILATION_MODE = wholemodule;
				SWIFT_OPTIMIZATION_LEVEL = "-O";
				VALIDATE_PRODUCT = YES;
			};
			name = Release;
		};
		9F4107EE280489D300C5C95C /* Debug */ = {
			isa = XCBuildConfiguration;
			buildSettings = {
				ASSETCATALOG_COMPILER_APPICON_NAME = AppIcon;
				ASSETCATALOG_COMPILER_GLOBAL_ACCENT_COLOR_NAME = AccentColor;
				CODE_SIGN_STYLE = Automatic;
				CURRENT_PROJECT_VERSION = 1;
				DEVELOPMENT_TEAM = HWK86XZU39;
				GENERATE_INFOPLIST_FILE = YES;
				INFOPLIST_FILE = SpaceX/Info.plist;
				INFOPLIST_KEY_UIApplicationSupportsIndirectInputEvents = YES;
				INFOPLIST_KEY_UILaunchStoryboardName = LaunchScreen;
				INFOPLIST_KEY_UISupportedInterfaceOrientations = UIInterfaceOrientationPortrait;
				INFOPLIST_KEY_UISupportedInterfaceOrientations_iPad = "UIInterfaceOrientationPortrait UIInterfaceOrientationPortraitUpsideDown UIInterfaceOrientationLandscapeLeft UIInterfaceOrientationLandscapeRight";
				INFOPLIST_KEY_UISupportedInterfaceOrientations_iPhone = "UIInterfaceOrientationPortrait UIInterfaceOrientationLandscapeLeft UIInterfaceOrientationLandscapeRight";
				LD_RUNPATH_SEARCH_PATHS = (
					"$(inherited)",
					"@executable_path/Frameworks",
				);
				MARKETING_VERSION = 1.0;
				PRODUCT_BUNDLE_IDENTIFIER = ru.filippova.SpaceX;
				PRODUCT_NAME = "$(TARGET_NAME)";
				SWIFT_EMIT_LOC_STRINGS = YES;
				SWIFT_VERSION = 5.0;
				TARGETED_DEVICE_FAMILY = 1;
			};
			name = Debug;
		};
		9F4107EF280489D300C5C95C /* Release */ = {
			isa = XCBuildConfiguration;
			buildSettings = {
				ASSETCATALOG_COMPILER_APPICON_NAME = AppIcon;
				ASSETCATALOG_COMPILER_GLOBAL_ACCENT_COLOR_NAME = AccentColor;
				CODE_SIGN_STYLE = Automatic;
				CURRENT_PROJECT_VERSION = 1;
				DEVELOPMENT_TEAM = HWK86XZU39;
				GENERATE_INFOPLIST_FILE = YES;
				INFOPLIST_FILE = SpaceX/Info.plist;
				INFOPLIST_KEY_UIApplicationSupportsIndirectInputEvents = YES;
				INFOPLIST_KEY_UILaunchStoryboardName = LaunchScreen;
				INFOPLIST_KEY_UISupportedInterfaceOrientations = UIInterfaceOrientationPortrait;
				INFOPLIST_KEY_UISupportedInterfaceOrientations_iPad = "UIInterfaceOrientationPortrait UIInterfaceOrientationPortraitUpsideDown UIInterfaceOrientationLandscapeLeft UIInterfaceOrientationLandscapeRight";
				INFOPLIST_KEY_UISupportedInterfaceOrientations_iPhone = "UIInterfaceOrientationPortrait UIInterfaceOrientationLandscapeLeft UIInterfaceOrientationLandscapeRight";
				LD_RUNPATH_SEARCH_PATHS = (
					"$(inherited)",
					"@executable_path/Frameworks",
				);
				MARKETING_VERSION = 1.0;
				PRODUCT_BUNDLE_IDENTIFIER = ru.filippova.SpaceX;
				PRODUCT_NAME = "$(TARGET_NAME)";
				SWIFT_EMIT_LOC_STRINGS = YES;
				SWIFT_VERSION = 5.0;
				TARGETED_DEVICE_FAMILY = 1;
			};
			name = Release;
		};
/* End XCBuildConfiguration section */

/* Begin XCConfigurationList section */
		9F4107D4280489D200C5C95C /* Build configuration list for PBXProject "SpaceX" */ = {
			isa = XCConfigurationList;
			buildConfigurations = (
				9F4107EB280489D300C5C95C /* Debug */,
				9F4107EC280489D300C5C95C /* Release */,
			);
			defaultConfigurationIsVisible = 0;
			defaultConfigurationName = Release;
		};
		9F4107ED280489D300C5C95C /* Build configuration list for PBXNativeTarget "SpaceX" */ = {
			isa = XCConfigurationList;
			buildConfigurations = (
				9F4107EE280489D300C5C95C /* Debug */,
				9F4107EF280489D300C5C95C /* Release */,
			);
			defaultConfigurationIsVisible = 0;
			defaultConfigurationName = Release;
		};
/* End XCConfigurationList section */
	};
	rootObject = 9F4107D1280489D200C5C95C /* Project object */;
}
